# THIS IS AN AUTOGENERATED FILE. DO NOT EDIT THIS FILE DIRECTLY.
# yarn lockfile v1


"@types/estree@0.0.39":
  version "0.0.39"
  resolved "https://registry.yarnpkg.com/@types/estree/-/estree-0.0.39.tgz#e177e699ee1b8c22d23174caaa7422644389509f"
  integrity sha512-EYNwp3bU+98cpU4lAWYYL7Zz+2gryWH1qbdDTidVd6hkiR6weksdbMadyXKXNPEkQFhXM+hVO9ZygomHXp+AIw==

"@types/node@*":
  version "11.9.4"
  resolved "https://registry.yarnpkg.com/@types/node/-/node-11.9.4.tgz#ceb0048a546db453f6248f2d1d95e937a6f00a14"
  integrity sha512-Zl8dGvAcEmadgs1tmSPcvwzO1YRsz38bVJQvH1RvRqSR9/5n61Q1ktcDL0ht3FXWR+ZpVmXVwN1LuH4Ax23NsA==

acorn@^6.0.5:
  version "6.1.0"
  resolved "https://registry.yarnpkg.com/acorn/-/acorn-6.1.0.tgz#b0a3be31752c97a0f7013c5f4903b71a05db6818"
  integrity sha512-MW/FjM+IvU9CgBzjO3UIPCE2pyEwUsoFl+VGdczOPEdxfGFjuKny/gN54mOuX7Qxmb9Rg9MCn2oKiSUeW+pjrw==

commander@~2.17.1:
  version "2.17.1"
  resolved "https://registry.yarnpkg.com/commander/-/commander-2.17.1.tgz#bd77ab7de6de94205ceacc72f1716d29f20a77bf"
  integrity sha512-wPMUt6FnH2yzG95SA6mzjQOEKUU3aLaDEmzs1ti+1E9h+CsrZghRlqEM/EJ4KscsQVG8uNN4uVreUeT8+drlgg==

rollup@^1.1.2:
  version "1.1.2"
  resolved "https://registry.yarnpkg.com/rollup/-/rollup-1.1.2.tgz#8d094b85683b810d0c05a16bd7618cf70d48eba7"
  integrity sha512-OkdMxqMl8pWoQc5D8y1cIinYQPPLV8ZkfLgCzL6SytXeNA2P7UHynEQXI9tYxuAjAMsSyvRaWnyJDLHMxq0XAg==
  dependencies:
    "@types/estree" "0.0.39"
    "@types/node" "*"
    acorn "^6.0.5"

source-map@~0.6.1:
  version "0.6.1"
  resolved "https://registry.yarnpkg.com/source-map/-/source-map-0.6.1.tgz#74722af32e9614e9c287a8d0bbde48b5e2f1a263"
  integrity sha512-UjgapumWlbMhkBgzT7Ykc5YXUT46F0iKu8SGXq0bcwP5dz/h0Plj6enJqjz1Zbq2l5WaqYnrVbwWOWMyF3F47g==

typescript@^3.3.3:
  version "3.3.3"
  resolved "https://registry.yarnpkg.com/typescript/-/typescript-3.3.3.tgz#f1657fc7daa27e1a8930758ace9ae8da31403221"
  integrity sha512-Y21Xqe54TBVp+VDSNbuDYdGw0BpoR/Q6wo/+35M8PAU0vipahnyduJWirxxdxjsAkS7hue53x2zp8gz7F05u0A==

uglify-js@^3.4.9:
  version "3.4.9"
  resolved "https://registry.yarnpkg.com/uglify-js/-/uglify-js-3.4.9.tgz#af02f180c1207d76432e473ed24a28f4a782bae3"
  integrity sha512-8CJsbKOtEbnJsTyv6LE6m6ZKniqMiFWmm9sRbopbkGs3gMPPfd3Fh8iIA4Ykv5MgaTbqHr4BaoGLJLZNhsrW1Q==
  dependencies:
    commander "~2.17.1"
    source-map "~0.6.1"
